
namespace ConsoleApp3
{
    internal class Program
    {
        static void Main(string[] args)
        {
            Console.WriteLine("Enter first number: ");
             = Convert.ToDouble(Console.ReadLine());

            Console.WriteLine("Enter operation (+, -, *, /): ");
            operation = Convert.ToChar(Console.ReadLine());

            Console.WriteLine("Enter second number: ");
            chislo1 = Convert.ToDouble(Console.ReadLine());

            switch (operation)
            {
                case '+':
                    Console.WriteLine("Result: {0}", chislo1 + chislo2);
                    break;
                case '-':
                    Console.WriteLine("Result: {0}", chislo1 - chislo2);
                    break;
                case '*':
                    Console.WriteLine("Result: {0}", chislo1 * chislo2);
                    break;
                case '/':
                    if (chislo2 != 0)
                    {
                        Console.WriteLine("Result: {0}", chislo1 / chislo2);
                    }
                    else
                    {
                        Console.WriteLine("Cannot divide by zero");
                    }
                    break;
                default:
                    Console.WriteLine("Invalid operation");
                    break;
            }
        }

    }
}
}
